
Microsoft Visual Studio Solution File, Format Version 12.00
# Visual Studio Version 17
VisualStudioVersion = 17.4.33103.184
MinimumVisualStudioVersion = 10.0.40219.1
Project("{9A19103F-16F7-4668-BE54-9A1E7A4F7556}") = "WebScrapperPdf", "WebScrapperPdf.csproj", "{A38B469A-292A-49D8-A89C-E96B111DDBE6}"
EndProject
Project("{9A19103F-16F7-4668-BE54-9A1E7A4F7556}") = "API", "..\API\API.csproj", "{EAF4D980-8A15-403F-8C4A-BF068244EB65}"
EndProject
Project("{9A19103F-16F7-4668-BE54-9A1E7A4F7556}") = "Infrastructuur", "..\Infrastructuur\Infrastructuur.csproj", "{5B908063-D313-4898-A0D9-2291CDACA72A}"
EndProject
Global
	GlobalSection(SolutionConfigurationPlatforms) = preSolution
		Debug|Any CPU = Debug|Any CPU
		Release|Any CPU = Release|Any CPU
	EndGlobalSection
	GlobalSection(ProjectConfigurationPlatforms) = postSolution
		{A38B469A-292A-49D8-A89C-E96B111DDBE6}.Debug|Any CPU.ActiveCfg = Debug|Any CPU
		{A38B469A-292A-49D8-A89C-E96B111DDBE6}.Debug|Any CPU.Build.0 = Debug|Any CPU
		{A38B469A-292A-49D8-A89C-E96B111DDBE6}.Release|Any CPU.ActiveCfg = Release|Any CPU
		{A38B469A-292A-49D8-A89C-E96B111DDBE6}.Release|Any CPU.Build.0 = Release|Any CPU
		{EAF4D980-8A15-403F-8C4A-BF068244EB65}.Debug|Any CPU.ActiveCfg = Debug|Any CPU
		{EAF4D980-8A15-403F-8C4A-BF068244EB65}.Debug|Any CPU.Build.0 = Debug|Any CPU
		{EAF4D980-8A15-403F-8C4A-BF068244EB65}.Release|Any CPU.ActiveCfg = Release|Any CPU
		{EAF4D980-8A15-403F-8C4A-BF068244EB65}.Release|Any CPU.Build.0 = Release|Any CPU
		{5B908063-D313-4898-A0D9-2291CDACA72A}.Debug|Any CPU.ActiveCfg = Debug|Any CPU
		{5B908063-D313-4898-A0D9-2291CDACA72A}.Debug|Any CPU.Build.0 = Debug|Any CPU
		{5B908063-D313-4898-A0D9-2291CDACA72A}.Release|Any CPU.ActiveCfg = Release|Any CPU
		{5B908063-D313-4898-A0D9-2291CDACA72A}.Release|Any CPU.Build.0 = Release|Any CPU
	EndGlobalSection
	GlobalSection(SolutionProperties) = preSolution
		HideSolutionNode = FALSE
	EndGlobalSection
	GlobalSection(ExtensibilityGlobals) = postSolution
		SolutionGuid = {5C50D0C9-10A9-4256-8DE8-241BF2CD1AD8}
	EndGlobalSection
EndGlobal
